// !$*UTF8*$!
{
	archiveVersion = 1;
	classes = {
	};
	objectVersion = 51;
	objects = {

/* Begin PBXBuildFile section */
		880DCBB92286E6B70032B631 /* trafikVCell.swift in Sources */ = {isa = PBXBuildFile; fileRef = 880DCBB82286E6B70032B631 /* trafikVCell.swift */; };
		880DCBBC2286E7010032B631 /* trafikAdabiVCell.swift in Sources */ = {isa = PBXBuildFile; fileRef = 880DCBBB2286E7010032B631 /* trafikAdabiVCell.swift */; };
		880DCBBE2286E73D0032B631 /* trafikVC.swift in Sources */ = {isa = PBXBuildFile; fileRef = 880DCBBD2286E73D0032B631 /* trafikVC.swift */; };
		880DCBC02286E7600032B631 /* trafikAdabiVC.swift in Sources */ = {isa = PBXBuildFile; fileRef = 880DCBBF2286E7600032B631 /* trafikAdabiVC.swift */; };
		880DCBC22286F54C0032B631 /* tAgst18VC.swift in Sources */ = {isa = PBXBuildFile; fileRef = 880DCBC12286F54C0032B631 /* tAgst18VC.swift */; };
		880DCBC42286F56D0032B631 /* taAgst18VC.swift in Sources */ = {isa = PBXBuildFile; fileRef = 880DCBC32286F56D0032B631 /* taAgst18VC.swift */; };
		880DCBC62286F5A90032B631 /* tAgst18VCell.swift in Sources */ = {isa = PBXBuildFile; fileRef = 880DCBC52286F5A90032B631 /* tAgst18VCell.swift */; };
		880DCBC82286F5BB0032B631 /* taAgst18VCell.swift in Sources */ = {isa = PBXBuildFile; fileRef = 880DCBC72286F5BB0032B631 /* taAgst18VCell.swift */; };
		882AB4BD228178360055221D /* AppDelegate.swift in Sources */ = {isa = PBXBuildFile; fileRef = 882AB4BC228178360055221D /* AppDelegate.swift */; };
		882AB4C2228178360055221D /* Main.storyboard in Resources */ = {isa = PBXBuildFile; fileRef = 882AB4C0228178360055221D /* Main.storyboard */; };
		882AB4C5228178360055221D /* EHLIYET.xcdatamodeld in Sources */ = {isa = PBXBuildFile; fileRef = 882AB4C3228178360055221D /* EHLIYET.xcdatamodeld */; };
		882AB4C7228178370055221D /* Assets.xcassets in Resources */ = {isa = PBXBuildFile; fileRef = 882AB4C6228178370055221D /* Assets.xcassets */; };
		882AB4CA228178370055221D /* LaunchScreen.storyboard in Resources */ = {isa = PBXBuildFile; fileRef = 882AB4C8228178370055221D /* LaunchScreen.storyboard */; };
		884F2B452286C7C600885C8F /* mAgst18VC.swift in Sources */ = {isa = PBXBuildFile; fileRef = 884F2B442286C7C600885C8F /* mAgst18VC.swift */; };
		884F2B472286C8D100885C8F /* mAgst18VCell.swift in Sources */ = {isa = PBXBuildFile; fileRef = 884F2B462286C8D100885C8F /* mAgst18VCell.swift */; };
		884F2B492286CDB000885C8F /* motor.swift in Sources */ = {isa = PBXBuildFile; fileRef = 884F2B482286CDB000885C8F /* motor.swift */; };
		884F2B4B2286CDC800885C8F /* motorCell.swift in Sources */ = {isa = PBXBuildFile; fileRef = 884F2B4A2286CDC800885C8F /* motorCell.swift */; };
		887604F622871D30009C34F7 /* GoogleService-Info.plist in Resources */ = {isa = PBXBuildFile; fileRef = 887604F522871D30009C34F7 /* GoogleService-Info.plist */; };
		887604FA2287471A009C34F7 /* SignUpVC.swift in Sources */ = {isa = PBXBuildFile; fileRef = 887604F82287471A009C34F7 /* SignUpVC.swift */; };
		887604FB2287471A009C34F7 /* SignTextField.swift in Sources */ = {isa = PBXBuildFile; fileRef = 887604F92287471A009C34F7 /* SignTextField.swift */; };
		887604FD2287511E009C34F7 /* RoundButton.swift in Sources */ = {isa = PBXBuildFile; fileRef = 887604FC2287511E009C34F7 /* RoundButton.swift */; };
		887604FF228751EB009C34F7 /* LoginVC.swift in Sources */ = {isa = PBXBuildFile; fileRef = 887604FE228751EB009C34F7 /* LoginVC.swift */; };
		8876050122876904009C34F7 /* LoggedInVC.swift in Sources */ = {isa = PBXBuildFile; fileRef = 8876050022876904009C34F7 /* LoggedInVC.swift */; };
		8876050522876E14009C34F7 /* enterVC.swift in Sources */ = {isa = PBXBuildFile; fileRef = 8876050422876E14009C34F7 /* enterVC.swift */; };
		8876050722878F1C009C34F7 /* AlertView2.xib in Resources */ = {isa = PBXBuildFile; fileRef = 8876050622878F1C009C34F7 /* AlertView2.xib */; };
		8876050922878F32009C34F7 /* AlertView2.swift in Sources */ = {isa = PBXBuildFile; fileRef = 8876050822878F32009C34F7 /* AlertView2.swift */; };
		8876050B2287A593009C34F7 /* homeTabBarC.swift in Sources */ = {isa = PBXBuildFile; fileRef = 8876050A2287A593009C34F7 /* homeTabBarC.swift */; };
		8876050D2287A76B009C34F7 /* orderVC.swift in Sources */ = {isa = PBXBuildFile; fileRef = 8876050C2287A76B009C34F7 /* orderVC.swift */; };
		8876050F2287A7AC009C34F7 /* uploodVC.swift in Sources */ = {isa = PBXBuildFile; fileRef = 8876050E2287A7AC009C34F7 /* uploodVC.swift */; };
		88B0267F2284B7140021E2F7 /* iAgustos18VC.swift in Sources */ = {isa = PBXBuildFile; fileRef = 88B0267E2284B7140021E2F7 /* iAgustos18VC.swift */; };
		88B026812284B72E0021E2F7 /* iAgustos18vcCell.swift in Sources */ = {isa = PBXBuildFile; fileRef = 88B026802284B72E0021E2F7 /* iAgustos18vcCell.swift */; };
		88B026842284BAE80021E2F7 /* AlertView.xib in Resources */ = {isa = PBXBuildFile; fileRef = 88B026822284BAE80021E2F7 /* AlertView.xib */; };
		88B026852284BAE80021E2F7 /* AlertView.swift in Sources */ = {isa = PBXBuildFile; fileRef = 88B026832284BAE80021E2F7 /* AlertView.swift */; };
		88B0CC0A228255AF0065424F /* CardView.swift in Sources */ = {isa = PBXBuildFile; fileRef = 88B0CC09228255AF0065424F /* CardView.swift */; };
		88B2CDB1228184FA0068167E /* HomePageVC.swift in Sources */ = {isa = PBXBuildFile; fileRef = 88B2CDB0228184FA0068167E /* HomePageVC.swift */; };
		88B2CDB3228185D10068167E /* HomeCollectionViewCell.swift in Sources */ = {isa = PBXBuildFile; fileRef = 88B2CDB2228185D10068167E /* HomeCollectionViewCell.swift */; };
		88C159B822848E6500E52529 /* ilkyardim.swift in Sources */ = {isa = PBXBuildFile; fileRef = 88C159B722848E6500E52529 /* ilkyardim.swift */; };
		88C159BA22848E7200E52529 /* ilkyardimCell.swift in Sources */ = {isa = PBXBuildFile; fileRef = 88C159B922848E7200E52529 /* ilkyardimCell.swift */; };
		88C159BC22848EDB00E52529 /* CirclePath.swift in Sources */ = {isa = PBXBuildFile; fileRef = 88C159BB22848EDB00E52529 /* CirclePath.swift */; };
		9F24BD121EE214E87761BB06 /* Pods_EHLIYET.framework in Frameworks */ = {isa = PBXBuildFile; fileRef = 5E3CCB2DE19A19B2D4ADD0B3 /* Pods_EHLIYET.framework */; };
/* End PBXBuildFile section */

/* Begin PBXFileReference section */
		0AD2D5BA54162B7BA7680C96 /* Pods-EHLIYET.release.xcconfig */ = {isa = PBXFileReference; includeInIndex = 1; lastKnownFileType = text.xcconfig; name = "Pods-EHLIYET.release.xcconfig"; path = "Target Support Files/Pods-EHLIYET/Pods-EHLIYET.release.xcconfig"; sourceTree = "<group>"; };
		5E3CCB2DE19A19B2D4ADD0B3 /* Pods_EHLIYET.framework */ = {isa = PBXFileReference; explicitFileType = wrapper.framework; includeInIndex = 0; path = Pods_EHLIYET.framework; sourceTree = BUILT_PRODUCTS_DIR; };
		818BAD3779B3DA5BE185B21F /* Pods-EHLIYET.debug.xcconfig */ = {isa = PBXFileReference; includeInIndex = 1; lastKnownFileType = text.xcconfig; name = "Pods-EHLIYET.debug.xcconfig"; path = "Target Support Files/Pods-EHLIYET/Pods-EHLIYET.debug.xcconfig"; sourceTree = "<group>"; };
		880DCBB82286E6B70032B631 /* trafikVCell.swift */ = {isa = PBXFileReference; lastKnownFileType = sourcecode.swift; path = trafikVCell.swift; sourceTree = "<group>"; };
		880DCBBB2286E7010032B631 /* trafikAdabiVCell.swift */ = {isa = PBXFileReference; lastKnownFileType = sourcecode.swift; path = trafikAdabiVCell.swift; sourceTree = "<group>"; };
		880DCBBD2286E73D0032B631 /* trafikVC.swift */ = {isa = PBXFileReference; lastKnownFileType = sourcecode.swift; path = trafikVC.swift; sourceTree = "<group>"; };
		880DCBBF2286E7600032B631 /* trafikAdabiVC.swift */ = {isa = PBXFileReference; lastKnownFileType = sourcecode.swift; path = trafikAdabiVC.swift; sourceTree = "<group>"; };
		880DCBC12286F54C0032B631 /* tAgst18VC.swift */ = {isa = PBXFileReference; lastKnownFileType = sourcecode.swift; path = tAgst18VC.swift; sourceTree = "<group>"; };
		880DCBC32286F56D0032B631 /* taAgst18VC.swift */ = {isa = PBXFileReference; lastKnownFileType = sourcecode.swift; path = taAgst18VC.swift; sourceTree = "<group>"; };
		880DCBC52286F5A90032B631 /* tAgst18VCell.swift */ = {isa = PBXFileReference; lastKnownFileType = sourcecode.swift; path = tAgst18VCell.swift; sourceTree = "<group>"; };
		880DCBC72286F5BB0032B631 /* taAgst18VCell.swift */ = {isa = PBXFileReference; lastKnownFileType = sourcecode.swift; path = taAgst18VCell.swift; sourceTree = "<group>"; };
		882AB4B9228178360055221D /* EHLIYET.app */ = {isa = PBXFileReference; explicitFileType = wrapper.application; includeInIndex = 0; path = EHLIYET.app; sourceTree = BUILT_PRODUCTS_DIR; };
		882AB4BC228178360055221D /* AppDelegate.swift */ = {isa = PBXFileReference; lastKnownFileType = sourcecode.swift; path = AppDelegate.swift; sourceTree = "<group>"; };
		882AB4C1228178360055221D /* Base */ = {isa = PBXFileReference; lastKnownFileType = file.storyboard; name = Base; path = Base.lproj/Main.storyboard; sourceTree = "<group>"; };
		882AB4C4228178360055221D /* EHLIYET.xcdatamodel */ = {isa = PBXFileReference; lastKnownFileType = wrapper.xcdatamodel; path = EHLIYET.xcdatamodel; sourceTree = "<group>"; };
		882AB4C6228178370055221D /* Assets.xcassets */ = {isa = PBXFileReference; lastKnownFileType = folder.assetcatalog; path = Assets.xcassets; sourceTree = "<group>"; };
		882AB4C9228178370055221D /* Base */ = {isa = PBXFileReference; lastKnownFileType = file.storyboard; name = Base; path = Base.lproj/LaunchScreen.storyboard; sourceTree = "<group>"; };
		882AB4CB228178370055221D /* Info.plist */ = {isa = PBXFileReference; lastKnownFileType = text.plist.xml; path = Info.plist; sourceTree = "<group>"; };
		884F2B442286C7C600885C8F /* mAgst18VC.swift */ = {isa = PBXFileReference; lastKnownFileType = sourcecode.swift; path = mAgst18VC.swift; sourceTree = "<group>"; };
		884F2B462286C8D100885C8F /* mAgst18VCell.swift */ = {isa = PBXFileReference; lastKnownFileType = sourcecode.swift; path = mAgst18VCell.swift; sourceTree = "<group>"; };
		884F2B482286CDB000885C8F /* motor.swift */ = {isa = PBXFileReference; lastKnownFileType = sourcecode.swift; path = motor.swift; sourceTree = "<group>"; };
		884F2B4A2286CDC800885C8F /* motorCell.swift */ = {isa = PBXFileReference; lastKnownFileType = sourcecode.swift; path = motorCell.swift; sourceTree = "<group>"; };
		887604F42287178F009C34F7 /* EHLIYET.entitlements */ = {isa = PBXFileReference; lastKnownFileType = text.plist.entitlements; path = EHLIYET.entitlements; sourceTree = "<group>"; };
		887604F522871D30009C34F7 /* GoogleService-Info.plist */ = {isa = PBXFileReference; fileEncoding = 4; lastKnownFileType = text.plist.xml; path = "GoogleService-Info.plist"; sourceTree = "<group>"; };
		887604F82287471A009C34F7 /* SignUpVC.swift */ = {isa = PBXFileReference; fileEncoding = 4; lastKnownFileType = sourcecode.swift; path = SignUpVC.swift; sourceTree = "<group>"; };
		887604F92287471A009C34F7 /* SignTextField.swift */ = {isa = PBXFileReference; fileEncoding = 4; lastKnownFileType = sourcecode.swift; path = SignTextField.swift; sourceTree = "<group>"; };
		887604FC2287511E009C34F7 /* RoundButton.swift */ = {isa = PBXFileReference; fileEncoding = 4; lastKnownFileType = sourcecode.swift; path = RoundButton.swift; sourceTree = "<group>"; };
		887604FE228751EB009C34F7 /* LoginVC.swift */ = {isa = PBXFileReference; lastKnownFileType = sourcecode.swift; path = LoginVC.swift; sourceTree = "<group>"; };
		8876050022876904009C34F7 /* LoggedInVC.swift */ = {isa = PBXFileReference; lastKnownFileType = sourcecode.swift; path = LoggedInVC.swift; sourceTree = "<group>"; };
		8876050422876E14009C34F7 /* enterVC.swift */ = {isa = PBXFileReference; lastKnownFileType = sourcecode.swift; path = enterVC.swift; sourceTree = "<group>"; };
		8876050622878F1C009C34F7 /* AlertView2.xib */ = {isa = PBXFileReference; lastKnownFileType = file.xib; path = AlertView2.xib; sourceTree = "<group>"; };
		8876050822878F32009C34F7 /* AlertView2.swift */ = {isa = PBXFileReference; lastKnownFileType = sourcecode.swift; path = AlertView2.swift; sourceTree = "<group>"; };
		8876050A2287A593009C34F7 /* homeTabBarC.swift */ = {isa = PBXFileReference; lastKnownFileType = sourcecode.swift; path = homeTabBarC.swift; sourceTree = "<group>"; };
		8876050C2287A76B009C34F7 /* orderVC.swift */ = {isa = PBXFileReference; lastKnownFileType = sourcecode.swift; path = orderVC.swift; sourceTree = "<group>"; };
		8876050E2287A7AC009C34F7 /* uploodVC.swift */ = {isa = PBXFileReference; lastKnownFileType = sourcecode.swift; path = uploodVC.swift; sourceTree = "<group>"; };
		88B0267E2284B7140021E2F7 /* iAgustos18VC.swift */ = {isa = PBXFileReference; lastKnownFileType = sourcecode.swift; path = iAgustos18VC.swift; sourceTree = "<group>"; };
		88B026802284B72E0021E2F7 /* iAgustos18vcCell.swift */ = {isa = PBXFileReference; lastKnownFileType = sourcecode.swift; path = iAgustos18vcCell.swift; sourceTree = "<group>"; };
		88B026822284BAE80021E2F7 /* AlertView.xib */ = {isa = PBXFileReference; fileEncoding = 4; lastKnownFileType = file.xib; path = AlertView.xib; sourceTree = "<group>"; };
		88B026832284BAE80021E2F7 /* AlertView.swift */ = {isa = PBXFileReference; fileEncoding = 4; lastKnownFileType = sourcecode.swift; path = AlertView.swift; sourceTree = "<group>"; };
		88B0CC09228255AF0065424F /* CardView.swift */ = {isa = PBXFileReference; fileEncoding = 4; lastKnownFileType = sourcecode.swift; path = CardView.swift; sourceTree = "<group>"; };
		88B2CDB0228184FA0068167E /* HomePageVC.swift */ = {isa = PBXFileReference; lastKnownFileType = sourcecode.swift; path = HomePageVC.swift; sourceTree = "<group>"; };
		88B2CDB2228185D10068167E /* HomeCollectionViewCell.swift */ = {isa = PBXFileReference; lastKnownFileType = sourcecode.swift; path = HomeCollectionViewCell.swift; sourceTree = "<group>"; };
		88C159B722848E6500E52529 /* ilkyardim.swift */ = {isa = PBXFileReference; fileEncoding = 4; lastKnownFileType = sourcecode.swift; path = ilkyardim.swift; sourceTree = "<group>"; };
		88C159B922848E7200E52529 /* ilkyardimCell.swift */ = {isa = PBXFileReference; fileEncoding = 4; lastKnownFileType = sourcecode.swift; path = ilkyardimCell.swift; sourceTree = "<group>"; };
		88C159BB22848EDB00E52529 /* CirclePath.swift */ = {isa = PBXFileReference; fileEncoding = 4; lastKnownFileType = sourcecode.swift; path = CirclePath.swift; sourceTree = "<group>"; };
/* End PBXFileReference section */

/* Begin PBXFrameworksBuildPhase section */
		882AB4B6228178360055221D /* Frameworks */ = {
			isa = PBXFrameworksBuildPhase;
			buildActionMask = 2147483647;
			files = (
				9F24BD121EE214E87761BB06 /* Pods_EHLIYET.framework in Frameworks */,
			);
			runOnlyForDeploymentPostprocessing = 0;
		};
/* End PBXFrameworksBuildPhase section */

/* Begin PBXGroup section */
		7A970E2D30D15A0584FEBE9B /* Pods */ = {
			isa = PBXGroup;
			children = (
				818BAD3779B3DA5BE185B21F /* Pods-EHLIYET.debug.xcconfig */,
				0AD2D5BA54162B7BA7680C96 /* Pods-EHLIYET.release.xcconfig */,
			);
			path = Pods;
			sourceTree = "<group>";
		};
		880DCBBA2286E6E50032B631 /* TrafikAdabi */ = {
			isa = PBXGroup;
			children = (
				880DCBBF2286E7600032B631 /* trafikAdabiVC.swift */,
				880DCBBB2286E7010032B631 /* trafikAdabiVCell.swift */,
				880DCBC32286F56D0032B631 /* taAgst18VC.swift */,
				880DCBC72286F5BB0032B631 /* taAgst18VCell.swift */,
			);
			path = TrafikAdabi;
			sourceTree = "<group>";
		};
		882AB4B0228178360055221D = {
			isa = PBXGroup;
			children = (
				882AB4BB228178360055221D /* EHLIYET */,
				882AB4BA228178360055221D /* Products */,
				7A970E2D30D15A0584FEBE9B /* Pods */,
				D2301784A4EE66D74F0FC8CD /* Frameworks */,
			);
			sourceTree = "<group>";
		};
		882AB4BA228178360055221D /* Products */ = {
			isa = PBXGroup;
			children = (
				882AB4B9228178360055221D /* EHLIYET.app */,
			);
			name = Products;
			sourceTree = "<group>";
		};
		882AB4BB228178360055221D /* EHLIYET */ = {
			isa = PBXGroup;
			children = (
				887604F42287178F009C34F7 /* EHLIYET.entitlements */,
				882AB4BC228178360055221D /* AppDelegate.swift */,
				882AB4C0228178360055221D /* Main.storyboard */,
				887604F722874703009C34F7 /* PuanTablosu */,
				880DCBBA2286E6E50032B631 /* TrafikAdabi */,
				884F2B4C2286DD7100885C8F /* Trafik */,
				884F2B432286C78700885C8F /* Motor */,
				88C159BD2284982600E52529 /* ilkYardım */,
				8846FB3322817C8300382F9B /* Controller */,
				8846FB3222817C7B00382F9B /* View */,
				8846FB3122817C6A00382F9B /* Model */,
				8846FB3422817CC600382F9B /* Other */,
				88B0267A2284B2550021E2F7 /* CoreData */,
				882AB4CB228178370055221D /* Info.plist */,
				887604F522871D30009C34F7 /* GoogleService-Info.plist */,
			);
			path = EHLIYET;
			sourceTree = "<group>";
		};
		8846FB3122817C6A00382F9B /* Model */ = {
			isa = PBXGroup;
			children = (
			);
			path = Model;
			sourceTree = "<group>";
		};
		8846FB3222817C7B00382F9B /* View */ = {
			isa = PBXGroup;
			children = (
			);
			path = View;
			sourceTree = "<group>";
		};
		8846FB3322817C8300382F9B /* Controller */ = {
			isa = PBXGroup;
			children = (
				88B2CDB0228184FA0068167E /* HomePageVC.swift */,
				88B2CDB2228185D10068167E /* HomeCollectionViewCell.swift */,
			);
			path = Controller;
			sourceTree = "<group>";
		};
		8846FB3422817CC600382F9B /* Other */ = {
			isa = PBXGroup;
			children = (
				88B026832284BAE80021E2F7 /* AlertView.swift */,
				88B026822284BAE80021E2F7 /* AlertView.xib */,
				88B0CC09228255AF0065424F /* CardView.swift */,
				88C159BB22848EDB00E52529 /* CirclePath.swift */,
				887604F92287471A009C34F7 /* SignTextField.swift */,
				887604FC2287511E009C34F7 /* RoundButton.swift */,
				882AB4C6228178370055221D /* Assets.xcassets */,
				882AB4C8228178370055221D /* LaunchScreen.storyboard */,
				8876050622878F1C009C34F7 /* AlertView2.xib */,
				8876050822878F32009C34F7 /* AlertView2.swift */,
			);
			path = Other;
			sourceTree = "<group>";
		};
		884F2B432286C78700885C8F /* Motor */ = {
			isa = PBXGroup;
			children = (
				884F2B482286CDB000885C8F /* motor.swift */,
				884F2B4A2286CDC800885C8F /* motorCell.swift */,
				884F2B442286C7C600885C8F /* mAgst18VC.swift */,
				884F2B462286C8D100885C8F /* mAgst18VCell.swift */,
			);
			path = Motor;
			sourceTree = "<group>";
		};
		884F2B4C2286DD7100885C8F /* Trafik */ = {
			isa = PBXGroup;
			children = (
				880DCBBD2286E73D0032B631 /* trafikVC.swift */,
				880DCBB82286E6B70032B631 /* trafikVCell.swift */,
				880DCBC12286F54C0032B631 /* tAgst18VC.swift */,
				880DCBC52286F5A90032B631 /* tAgst18VCell.swift */,
			);
			path = Trafik;
			sourceTree = "<group>";
		};
		887604F722874703009C34F7 /* PuanTablosu */ = {
			isa = PBXGroup;
			children = (
				887604F82287471A009C34F7 /* SignUpVC.swift */,
				887604FE228751EB009C34F7 /* LoginVC.swift */,
				8876050022876904009C34F7 /* LoggedInVC.swift */,
				8876050422876E14009C34F7 /* enterVC.swift */,
				8876050A2287A593009C34F7 /* homeTabBarC.swift */,
				8876050C2287A76B009C34F7 /* orderVC.swift */,
				8876050E2287A7AC009C34F7 /* uploodVC.swift */,
			);
			path = PuanTablosu;
			sourceTree = "<group>";
		};
		88B0267A2284B2550021E2F7 /* CoreData */ = {
			isa = PBXGroup;
			children = (
				882AB4C3228178360055221D /* EHLIYET.xcdatamodeld */,
			);
			path = CoreData;
			sourceTree = "<group>";
		};
		88C159BD2284982600E52529 /* ilkYardım */ = {
			isa = PBXGroup;
			children = (
				88C159B722848E6500E52529 /* ilkyardim.swift */,
				88C159B922848E7200E52529 /* ilkyardimCell.swift */,
				88B0267E2284B7140021E2F7 /* iAgustos18VC.swift */,
				88B026802284B72E0021E2F7 /* iAgustos18vcCell.swift */,
			);
			path = "ilkYardım";
			sourceTree = "<group>";
		};
		D2301784A4EE66D74F0FC8CD /* Frameworks */ = {
			isa = PBXGroup;
			children = (
				5E3CCB2DE19A19B2D4ADD0B3 /* Pods_EHLIYET.framework */,
			);
			name = Frameworks;
			sourceTree = "<group>";
		};
/* End PBXGroup section */

/* Begin PBXNativeTarget section */
		882AB4B8228178360055221D /* EHLIYET */ = {
			isa = PBXNativeTarget;
			buildConfigurationList = 882AB4CE228178370055221D /* Build configuration list for PBXNativeTarget "EHLIYET" */;
			buildPhases = (
				D58BE7E862609140ED276A81 /* [CP] Check Pods Manifest.lock */,
				882AB4B5228178360055221D /* Sources */,
				882AB4B6228178360055221D /* Frameworks */,
				882AB4B7228178360055221D /* Resources */,
				EDA5F2760C2720ECC80FB1A1 /* [CP] Embed Pods Frameworks */,
			);
			buildRules = (
			);
			dependencies = (
			);
			name = EHLIYET;
			productName = EHLIYET;
			productReference = 882AB4B9228178360055221D /* EHLIYET.app */;
			productType = "com.apple.product-type.application";
		};
/* End PBXNativeTarget section */

/* Begin PBXProject section */
		882AB4B1228178360055221D /* Project object */ = {
			isa = PBXProject;
			attributes = {
				LastSwiftUpdateCheck = 1020;
				LastUpgradeCheck = 1020;
				ORGANIZATIONNAME = "YILMAZ ER";
				TargetAttributes = {
					882AB4B8228178360055221D = {
						CreatedOnToolsVersion = 10.2.1;
						SystemCapabilities = {
							com.apple.BackgroundModes = {
								enabled = 1;
							};
							com.apple.Keychain = {
								enabled = 1;
							};
							com.apple.Push = {
								enabled = 1;
							};
						};
					};
				};
			};
			buildConfigurationList = 882AB4B4228178360055221D /* Build configuration list for PBXProject "EHLIYET" */;
			compatibilityVersion = "Xcode 10.0";
			developmentRegion = en;
			hasScannedForEncodings = 0;
			knownRegions = (
				en,
				Base,
			);
			mainGroup = 882AB4B0228178360055221D;
			productRefGroup = 882AB4BA228178360055221D /* Products */;
			projectDirPath = "";
			projectRoot = "";
			targets = (
				882AB4B8228178360055221D /* EHLIYET */,
			);
		};
/* End PBXProject section */

/* Begin PBXResourcesBuildPhase section */
		882AB4B7228178360055221D /* Resources */ = {
			isa = PBXResourcesBuildPhase;
			buildActionMask = 2147483647;
			files = (
				882AB4CA228178370055221D /* LaunchScreen.storyboard in Resources */,
				88B026842284BAE80021E2F7 /* AlertView.xib in Resources */,
				8876050722878F1C009C34F7 /* AlertView2.xib in Resources */,
				887604F622871D30009C34F7 /* GoogleService-Info.plist in Resources */,
				882AB4C7228178370055221D /* Assets.xcassets in Resources */,
				882AB4C2228178360055221D /* Main.storyboard in Resources */,
			);
			runOnlyForDeploymentPostprocessing = 0;
		};
/* End PBXResourcesBuildPhase section */

/* Begin PBXShellScriptBuildPhase section */
		D58BE7E862609140ED276A81 /* [CP] Check Pods Manifest.lock */ = {
			isa = PBXShellScriptBuildPhase;
			buildActionMask = 2147483647;
			files = (
			);
			inputFileListPaths = (
			);
			inputPaths = (
				"${PODS_PODFILE_DIR_PATH}/Podfile.lock",
				"${PODS_ROOT}/Manifest.lock",
			);
			name = "[CP] Check Pods Manifest.lock";
			outputFileListPaths = (
			);
			outputPaths = (
				"$(DERIVED_FILE_DIR)/Pods-EHLIYET-checkManifestLockResult.txt",
			);
			runOnlyForDeploymentPostprocessing = 0;
			shellPath = /bin/sh;
			shellScript = "diff \"${PODS_PODFILE_DIR_PATH}/Podfile.lock\" \"${PODS_ROOT}/Manifest.lock\" > /dev/null\nif [ $? != 0 ] ; then\n    # print error to STDERR\n    echo \"error: The sandbox is not in sync with the Podfile.lock. Run 'pod install' or update your CocoaPods installation.\" >&2\n    exit 1\nfi\n# This output is used by Xcode 'outputs' to avoid re-running this script phase.\necho \"SUCCESS\" > \"${SCRIPT_OUTPUT_FILE_0}\"\n";
			showEnvVarsInLog = 0;
		};
		EDA5F2760C2720ECC80FB1A1 /* [CP] Embed Pods Frameworks */ = {
			isa = PBXShellScriptBuildPhase;
			buildActionMask = 2147483647;
			files = (
			);
			inputFileListPaths = (
				"${PODS_ROOT}/Target Support Files/Pods-EHLIYET/Pods-EHLIYET-frameworks-${CONFIGURATION}-input-files.xcfilelist",
			);
			name = "[CP] Embed Pods Frameworks";
			outputFileListPaths = (
				"${PODS_ROOT}/Target Support Files/Pods-EHLIYET/Pods-EHLIYET-frameworks-${CONFIGURATION}-output-files.xcfilelist",
			);
			runOnlyForDeploymentPostprocessing = 0;
			shellPath = /bin/sh;
			shellScript = "\"${PODS_ROOT}/Target Support Files/Pods-EHLIYET/Pods-EHLIYET-frameworks.sh\"\n";
			showEnvVarsInLog = 0;
		};
/* End PBXShellScriptBuildPhase section */

/* Begin PBXSourcesBuildPhase section */
		882AB4B5228178360055221D /* Sources */ = {
			isa = PBXSourcesBuildPhase;
			buildActionMask = 2147483647;
			files = (
				8876050F2287A7AC009C34F7 /* uploodVC.swift in Sources */,
				884F2B452286C7C600885C8F /* mAgst18VC.swift in Sources */,
				887604FB2287471A009C34F7 /* SignTextField.swift in Sources */,
				880DCBC42286F56D0032B631 /* taAgst18VC.swift in Sources */,
				88B2CDB3228185D10068167E /* HomeCollectionViewCell.swift in Sources */,
				880DCBC62286F5A90032B631 /* tAgst18VCell.swift in Sources */,
				88B0267F2284B7140021E2F7 /* iAgustos18VC.swift in Sources */,
				887604FD2287511E009C34F7 /* RoundButton.swift in Sources */,
				880DCBB92286E6B70032B631 /* trafikVCell.swift in Sources */,
				882AB4BD228178360055221D /* AppDelegate.swift in Sources */,
				88C159BC22848EDB00E52529 /* CirclePath.swift in Sources */,
				88B2CDB1228184FA0068167E /* HomePageVC.swift in Sources */,
				8876050B2287A593009C34F7 /* homeTabBarC.swift in Sources */,
				88C159BA22848E7200E52529 /* ilkyardimCell.swift in Sources */,
				884F2B472286C8D100885C8F /* mAgst18VCell.swift in Sources */,
				880DCBBC2286E7010032B631 /* trafikAdabiVCell.swift in Sources */,
				88B026852284BAE80021E2F7 /* AlertView.swift in Sources */,
				880DCBC22286F54C0032B631 /* tAgst18VC.swift in Sources */,
				880DCBC82286F5BB0032B631 /* taAgst18VCell.swift in Sources */,
				884F2B4B2286CDC800885C8F /* motorCell.swift in Sources */,
				887604FA2287471A009C34F7 /* SignUpVC.swift in Sources */,
				8876050522876E14009C34F7 /* enterVC.swift in Sources */,
				8876050122876904009C34F7 /* LoggedInVC.swift in Sources */,
				882AB4C5228178360055221D /* EHLIYET.xcdatamodeld in Sources */,
				88C159B822848E6500E52529 /* ilkyardim.swift in Sources */,
				8876050922878F32009C34F7 /* AlertView2.swift in Sources */,
				884F2B492286CDB000885C8F /* motor.swift in Sources */,
				880DCBBE2286E73D0032B631 /* trafikVC.swift in Sources */,
				887604FF228751EB009C34F7 /* LoginVC.swift in Sources */,
				88B026812284B72E0021E2F7 /* iAgustos18vcCell.swift in Sources */,
				8876050D2287A76B009C34F7 /* orderVC.swift in Sources */,
				88B0CC0A228255AF0065424F /* CardView.swift in Sources */,
				880DCBC02286E7600032B631 /* trafikAdabiVC.swift in Sources */,
			);
			runOnlyForDeploymentPostprocessing = 0;
		};
/* End PBXSourcesBuildPhase section */

/* Begin PBXVariantGroup section */
		882AB4C0228178360055221D /* Main.storyboard */ = {
			isa = PBXVariantGroup;
			children = (
				882AB4C1228178360055221D /* Base */,
			);
			name = Main.storyboard;
			sourceTree = "<group>";
		};
		882AB4C8228178370055221D /* LaunchScreen.storyboard */ = {
			isa = PBXVariantGroup;
			children = (
				882AB4C9228178370055221D /* Base */,
			);
			name = LaunchScreen.storyboard;
			sourceTree = "<group>";
		};
/* End PBXVariantGroup section */

/* Begin XCBuildConfiguration section */
		882AB4CC228178370055221D /* Debug */ = {
			isa = XCBuildConfiguration;
			buildSettings = {
				ALWAYS_SEARCH_USER_PATHS = NO;
				CLANG_ANALYZER_NONNULL = YES;
				CLANG_ANALYZER_NUMBER_OBJECT_CONVERSION = YES_AGGRESSIVE;
				CLANG_CXX_LANGUAGE_STANDARD = "gnu++14";
				CLANG_CXX_LIBRARY = "libc++";
				CLANG_ENABLE_MODULES = YES;
				CLANG_ENABLE_OBJC_ARC = YES;
				CLANG_ENABLE_OBJC_WEAK = YES;
				CLANG_WARN_BLOCK_CAPTURE_AUTORELEASING = YES;
				CLANG_WARN_BOOL_CONVERSION = YES;
				CLANG_WARN_COMMA = YES;
				CLANG_WARN_CONSTANT_CONVERSION = YES;
				CLANG_WARN_DEPRECATED_OBJC_IMPLEMENTATIONS = YES;
				CLANG_WARN_DIRECT_OBJC_ISA_USAGE = YES_ERROR;
				CLANG_WARN_DOCUMENTATION_COMMENTS = YES;
				CLANG_WARN_EMPTY_BODY = YES;
				CLANG_WARN_ENUM_CONVERSION = YES;
				CLANG_WARN_INFINITE_RECURSION = YES;
				CLANG_WARN_INT_CONVERSION = YES;
				CLANG_WARN_NON_LITERAL_NULL_CONVERSION = YES;
				CLANG_WARN_OBJC_IMPLICIT_RETAIN_SELF = YES;
				CLANG_WARN_OBJC_LITERAL_CONVERSION = YES;
				CLANG_WARN_OBJC_ROOT_CLASS = YES_ERROR;
				CLANG_WARN_RANGE_LOOP_ANALYSIS = YES;
				CLANG_WARN_STRICT_PROTOTYPES = YES;
				CLANG_WARN_SUSPICIOUS_MOVE = YES;
				CLANG_WARN_UNGUARDED_AVAILABILITY = YES_AGGRESSIVE;
				CLANG_WARN_UNREACHABLE_CODE = YES;
				CLANG_WARN__DUPLICATE_METHOD_MATCH = YES;
				CODE_SIGN_IDENTITY = "iPhone Developer";
				COPY_PHASE_STRIP = NO;
				DEBUG_INFORMATION_FORMAT = dwarf;
				ENABLE_STRICT_OBJC_MSGSEND = YES;
				ENABLE_TESTABILITY = YES;
				GCC_C_LANGUAGE_STANDARD = gnu11;
				GCC_DYNAMIC_NO_PIC = NO;
				GCC_NO_COMMON_BLOCKS = YES;
				GCC_OPTIMIZATION_LEVEL = 0;
				GCC_PREPROCESSOR_DEFINITIONS = (
					"DEBUG=1",
					"$(inherited)",
				);
				GCC_WARN_64_TO_32_BIT_CONVERSION = YES;
				GCC_WARN_ABOUT_RETURN_TYPE = YES_ERROR;
				GCC_WARN_UNDECLARED_SELECTOR = YES;
				GCC_WARN_UNINITIALIZED_AUTOS = YES_AGGRESSIVE;
				GCC_WARN_UNUSED_FUNCTION = YES;
				GCC_WARN_UNUSED_VARIABLE = YES;
				IPHONEOS_DEPLOYMENT_TARGET = 12.2;
				MTL_ENABLE_DEBUG_INFO = INCLUDE_SOURCE;
				MTL_FAST_MATH = YES;
				ONLY_ACTIVE_ARCH = YES;
				SDKROOT = iphoneos;
				SWIFT_ACTIVE_COMPILATION_CONDITIONS = DEBUG;
				SWIFT_OPTIMIZATION_LEVEL = "-Onone";
			};
			name = Debug;
		};
		882AB4CD228178370055221D /* Release */ = {
			isa = XCBuildConfiguration;
			buildSettings = {
				ALWAYS_SEARCH_USER_PATHS = NO;
				CLANG_ANALYZER_NONNULL = YES;
				CLANG_ANALYZER_NUMBER_OBJECT_CONVERSION = YES_AGGRESSIVE;
				CLANG_CXX_LANGUAGE_STANDARD = "gnu++14";
				CLANG_CXX_LIBRARY = "libc++";
				CLANG_ENABLE_MODULES = YES;
				CLANG_ENABLE_OBJC_ARC = YES;
				CLANG_ENABLE_OBJC_WEAK = YES;
				CLANG_WARN_BLOCK_CAPTURE_AUTORELEASING = YES;
				CLANG_WARN_BOOL_CONVERSION = YES;
				CLANG_WARN_COMMA = YES;
				CLANG_WARN_CONSTANT_CONVERSION = YES;
				CLANG_WARN_DEPRECATED_OBJC_IMPLEMENTATIONS = YES;
				CLANG_WARN_DIRECT_OBJC_ISA_USAGE = YES_ERROR;
				CLANG_WARN_DOCUMENTATION_COMMENTS = YES;
				CLANG_WARN_EMPTY_BODY = YES;
				CLANG_WARN_ENUM_CONVERSION = YES;
				CLANG_WARN_INFINITE_RECURSION = YES;
				CLANG_WARN_INT_CONVERSION = YES;
				CLANG_WARN_NON_LITERAL_NULL_CONVERSION = YES;
				CLANG_WARN_OBJC_IMPLICIT_RETAIN_SELF = YES;
				CLANG_WARN_OBJC_LITERAL_CONVERSION = YES;
				CLANG_WARN_OBJC_ROOT_CLASS = YES_ERROR;
				CLANG_WARN_RANGE_LOOP_ANALYSIS = YES;
				CLANG_WARN_STRICT_PROTOTYPES = YES;
				CLANG_WARN_SUSPICIOUS_MOVE = YES;
				CLANG_WARN_UNGUARDED_AVAILABILITY = YES_AGGRESSIVE;
				CLANG_WARN_UNREACHABLE_CODE = YES;
				CLANG_WARN__DUPLICATE_METHOD_MATCH = YES;
				CODE_SIGN_IDENTITY = "iPhone Developer";
				COPY_PHASE_STRIP = NO;
				DEBUG_INFORMATION_FORMAT = "dwarf-with-dsym";
				ENABLE_NS_ASSERTIONS = NO;
				ENABLE_STRICT_OBJC_MSGSEND = YES;
				GCC_C_LANGUAGE_STANDARD = gnu11;
				GCC_NO_COMMON_BLOCKS = YES;
				GCC_WARN_64_TO_32_BIT_CONVERSION = YES;
				GCC_WARN_ABOUT_RETURN_TYPE = YES_ERROR;
				GCC_WARN_UNDECLARED_SELECTOR = YES;
				GCC_WARN_UNINITIALIZED_AUTOS = YES_AGGRESSIVE;
				GCC_WARN_UNUSED_FUNCTION = YES;
				GCC_WARN_UNUSED_VARIABLE = YES;
				IPHONEOS_DEPLOYMENT_TARGET = 12.2;
				MTL_ENABLE_DEBUG_INFO = NO;
				MTL_FAST_MATH = YES;
				SDKROOT = iphoneos;
				SWIFT_COMPILATION_MODE = wholemodule;
				SWIFT_OPTIMIZATION_LEVEL = "-O";
				VALIDATE_PRODUCT = YES;
			};
			name = Release;
		};
		882AB4CF228178370055221D /* Debug */ = {
			isa = XCBuildConfiguration;
			baseConfigurationReference = 818BAD3779B3DA5BE185B21F /* Pods-EHLIYET.debug.xcconfig */;
			buildSettings = {
				ASSETCATALOG_COMPILER_APPICON_NAME = AppIcon;
				CODE_SIGN_ENTITLEMENTS = EHLIYET/EHLIYET.entitlements;
				CODE_SIGN_STYLE = Automatic;
				DEVELOPMENT_TEAM = 98X7S4Y4AT;
				INFOPLIST_FILE = EHLIYET/Info.plist;
				LD_RUNPATH_SEARCH_PATHS = (
					"$(inherited)",
					"@executable_path/Frameworks",
				);
				PRODUCT_BUNDLE_IDENTIFIER = yilmazer2019.EHLIYET;
				PRODUCT_NAME = "$(TARGET_NAME)";
				SWIFT_VERSION = 5.0;
				TARGETED_DEVICE_FAMILY = "1,2";
			};
			name = Debug;
		};
		882AB4D0228178370055221D /* Release */ = {
			isa = XCBuildConfiguration;
			baseConfigurationReference = 0AD2D5BA54162B7BA7680C96 /* Pods-EHLIYET.release.xcconfig */;
			buildSettings = {
				ASSETCATALOG_COMPILER_APPICON_NAME = AppIcon;
				CODE_SIGN_ENTITLEMENTS = EHLIYET/EHLIYET.entitlements;
				CODE_SIGN_STYLE = Automatic;
				DEVELOPMENT_TEAM = 98X7S4Y4AT;
				INFOPLIST_FILE = EHLIYET/Info.plist;
				LD_RUNPATH_SEARCH_PATHS = (
					"$(inherited)",
					"@executable_path/Frameworks",
				);
				PRODUCT_BUNDLE_IDENTIFIER = yilmazer2019.EHLIYET;
				PRODUCT_NAME = "$(TARGET_NAME)";
				SWIFT_VERSION = 5.0;
				TARGETED_DEVICE_FAMILY = "1,2";
			};
			name = Release;
		};
/* End XCBuildConfiguration section */

/* Begin XCConfigurationList section */
		882AB4B4228178360055221D /* Build configuration list for PBXProject "EHLIYET" */ = {
			isa = XCConfigurationList;
			buildConfigurations = (
				882AB4CC228178370055221D /* Debug */,
				882AB4CD228178370055221D /* Release */,
			);
			defaultConfigurationIsVisible = 0;
			defaultConfigurationName = Release;
		};
		882AB4CE228178370055221D /* Build configuration list for PBXNativeTarget "EHLIYET" */ = {
			isa = XCConfigurationList;
			buildConfigurations = (
				882AB4CF228178370055221D /* Debug */,
				882AB4D0228178370055221D /* Release */,
			);
			defaultConfigurationIsVisible = 0;
			defaultConfigurationName = Release;
		};
/* End XCConfigurationList section */

/* Begin XCVersionGroup section */
		882AB4C3228178360055221D /* EHLIYET.xcdatamodeld */ = {
			isa = XCVersionGroup;
			children = (
				882AB4C4228178360055221D /* EHLIYET.xcdatamodel */,
			);
			currentVersion = 882AB4C4228178360055221D /* EHLIYET.xcdatamodel */;
			path = EHLIYET.xcdatamodeld;
			sourceTree = "<group>";
			versionGroupType = wrapper.xcdatamodel;
		};
/* End XCVersionGroup section */
	};
	rootObject = 882AB4B1228178360055221D /* Project object */;
}
