// !$*UTF8*$!
{
	archiveVersion = 1;
	classes = {
	};
	objectVersion = 50;
	objects = {

/* Begin PBXBuildFile section */
		882AB4BD228178360055221D /* AppDelegate.swift in Sources */ = {isa = PBXBuildFile; fileRef = 882AB4BC228178360055221D /* AppDelegate.swift */; };
		882AB4C2228178360055221D /* Main.storyboard in Resources */ = {isa = PBXBuildFile; fileRef = 882AB4C0228178360055221D /* Main.storyboard */; };
		882AB4C5228178360055221D /* EHLIYET.xcdatamodeld in Sources */ = {isa = PBXBuildFile; fileRef = 882AB4C3228178360055221D /* EHLIYET.xcdatamodeld */; };
		882AB4C7228178370055221D /* Assets.xcassets in Resources */ = {isa = PBXBuildFile; fileRef = 882AB4C6228178370055221D /* Assets.xcassets */; };
		882AB4CA228178370055221D /* LaunchScreen.storyboard in Resources */ = {isa = PBXBuildFile; fileRef = 882AB4C8228178370055221D /* LaunchScreen.storyboard */; };
		88B0267F2284B7140021E2F7 /* iAgustos18VC.swift in Sources */ = {isa = PBXBuildFile; fileRef = 88B0267E2284B7140021E2F7 /* iAgustos18VC.swift */; };
		88B026812284B72E0021E2F7 /* iAgustos18vcCell.swift in Sources */ = {isa = PBXBuildFile; fileRef = 88B026802284B72E0021E2F7 /* iAgustos18vcCell.swift */; };
		88B026842284BAE80021E2F7 /* AlertView.xib in Resources */ = {isa = PBXBuildFile; fileRef = 88B026822284BAE80021E2F7 /* AlertView.xib */; };
		88B026852284BAE80021E2F7 /* AlertView.swift in Sources */ = {isa = PBXBuildFile; fileRef = 88B026832284BAE80021E2F7 /* AlertView.swift */; };
		88B0CC0A228255AF0065424F /* CardView.swift in Sources */ = {isa = PBXBuildFile; fileRef = 88B0CC09228255AF0065424F /* CardView.swift */; };
		88B2CDB1228184FA0068167E /* HomePageVC.swift in Sources */ = {isa = PBXBuildFile; fileRef = 88B2CDB0228184FA0068167E /* HomePageVC.swift */; };
		88B2CDB3228185D10068167E /* HomeCollectionViewCell.swift in Sources */ = {isa = PBXBuildFile; fileRef = 88B2CDB2228185D10068167E /* HomeCollectionViewCell.swift */; };
		88C159B822848E6500E52529 /* ilkyardim17.swift in Sources */ = {isa = PBXBuildFile; fileRef = 88C159B722848E6500E52529 /* ilkyardim17.swift */; };
		88C159BA22848E7200E52529 /* ilkyardim17Cell.swift in Sources */ = {isa = PBXBuildFile; fileRef = 88C159B922848E7200E52529 /* ilkyardim17Cell.swift */; };
		88C159BC22848EDB00E52529 /* CirclePath.swift in Sources */ = {isa = PBXBuildFile; fileRef = 88C159BB22848EDB00E52529 /* CirclePath.swift */; };
		88C159C522849AA600E52529 /* QuizCVCell.swift in Sources */ = {isa = PBXBuildFile; fileRef = 88C159C422849AA500E52529 /* QuizCVCell.swift */; };
		88C159C722849AD000E52529 /* QuizVC.swift in Sources */ = {isa = PBXBuildFile; fileRef = 88C159C622849AD000E52529 /* QuizVC.swift */; };
		9F24BD121EE214E87761BB06 /* Pods_EHLIYET.framework in Frameworks */ = {isa = PBXBuildFile; fileRef = 5E3CCB2DE19A19B2D4ADD0B3 /* Pods_EHLIYET.framework */; };
/* End PBXBuildFile section */

/* Begin PBXFileReference section */
		0AD2D5BA54162B7BA7680C96 /* Pods-EHLIYET.release.xcconfig */ = {isa = PBXFileReference; includeInIndex = 1; lastKnownFileType = text.xcconfig; name = "Pods-EHLIYET.release.xcconfig"; path = "Target Support Files/Pods-EHLIYET/Pods-EHLIYET.release.xcconfig"; sourceTree = "<group>"; };
		5E3CCB2DE19A19B2D4ADD0B3 /* Pods_EHLIYET.framework */ = {isa = PBXFileReference; explicitFileType = wrapper.framework; includeInIndex = 0; path = Pods_EHLIYET.framework; sourceTree = BUILT_PRODUCTS_DIR; };
		818BAD3779B3DA5BE185B21F /* Pods-EHLIYET.debug.xcconfig */ = {isa = PBXFileReference; includeInIndex = 1; lastKnownFileType = text.xcconfig; name = "Pods-EHLIYET.debug.xcconfig"; path = "Target Support Files/Pods-EHLIYET/Pods-EHLIYET.debug.xcconfig"; sourceTree = "<group>"; };
		882AB4B9228178360055221D /* EHLIYET.app */ = {isa = PBXFileReference; explicitFileType = wrapper.application; includeInIndex = 0; path = EHLIYET.app; sourceTree = BUILT_PRODUCTS_DIR; };
		882AB4BC228178360055221D /* AppDelegate.swift */ = {isa = PBXFileReference; lastKnownFileType = sourcecode.swift; path = AppDelegate.swift; sourceTree = "<group>"; };
		882AB4C1228178360055221D /* Base */ = {isa = PBXFileReference; lastKnownFileType = file.storyboard; name = Base; path = Base.lproj/Main.storyboard; sourceTree = "<group>"; };
		882AB4C4228178360055221D /* EHLIYET.xcdatamodel */ = {isa = PBXFileReference; lastKnownFileType = wrapper.xcdatamodel; path = EHLIYET.xcdatamodel; sourceTree = "<group>"; };
		882AB4C6228178370055221D /* Assets.xcassets */ = {isa = PBXFileReference; lastKnownFileType = folder.assetcatalog; path = Assets.xcassets; sourceTree = "<group>"; };
		882AB4C9228178370055221D /* Base */ = {isa = PBXFileReference; lastKnownFileType = file.storyboard; name = Base; path = Base.lproj/LaunchScreen.storyboard; sourceTree = "<group>"; };
		882AB4CB228178370055221D /* Info.plist */ = {isa = PBXFileReference; lastKnownFileType = text.plist.xml; path = Info.plist; sourceTree = "<group>"; };
		88B0267E2284B7140021E2F7 /* iAgustos18VC.swift */ = {isa = PBXFileReference; lastKnownFileType = sourcecode.swift; path = iAgustos18VC.swift; sourceTree = "<group>"; };
		88B026802284B72E0021E2F7 /* iAgustos18vcCell.swift */ = {isa = PBXFileReference; lastKnownFileType = sourcecode.swift; path = iAgustos18vcCell.swift; sourceTree = "<group>"; };
		88B026822284BAE80021E2F7 /* AlertView.xib */ = {isa = PBXFileReference; fileEncoding = 4; lastKnownFileType = file.xib; path = AlertView.xib; sourceTree = "<group>"; };
		88B026832284BAE80021E2F7 /* AlertView.swift */ = {isa = PBXFileReference; fileEncoding = 4; lastKnownFileType = sourcecode.swift; path = AlertView.swift; sourceTree = "<group>"; };
		88B0CC09228255AF0065424F /* CardView.swift */ = {isa = PBXFileReference; fileEncoding = 4; lastKnownFileType = sourcecode.swift; path = CardView.swift; sourceTree = "<group>"; };
		88B2CDB0228184FA0068167E /* HomePageVC.swift */ = {isa = PBXFileReference; lastKnownFileType = sourcecode.swift; path = HomePageVC.swift; sourceTree = "<group>"; };
		88B2CDB2228185D10068167E /* HomeCollectionViewCell.swift */ = {isa = PBXFileReference; lastKnownFileType = sourcecode.swift; path = HomeCollectionViewCell.swift; sourceTree = "<group>"; };
		88C159B722848E6500E52529 /* ilkyardim17.swift */ = {isa = PBXFileReference; fileEncoding = 4; lastKnownFileType = sourcecode.swift; path = ilkyardim17.swift; sourceTree = "<group>"; };
		88C159B922848E7200E52529 /* ilkyardim17Cell.swift */ = {isa = PBXFileReference; fileEncoding = 4; lastKnownFileType = sourcecode.swift; path = ilkyardim17Cell.swift; sourceTree = "<group>"; };
		88C159BB22848EDB00E52529 /* CirclePath.swift */ = {isa = PBXFileReference; fileEncoding = 4; lastKnownFileType = sourcecode.swift; path = CirclePath.swift; sourceTree = "<group>"; };
		88C159C422849AA500E52529 /* QuizCVCell.swift */ = {isa = PBXFileReference; fileEncoding = 4; lastKnownFileType = sourcecode.swift; name = QuizCVCell.swift; path = "../../../../Downloads/Quiz-App-iOS-master/Quiz2/QuizCVCell.swift"; sourceTree = "<group>"; };
		88C159C622849AD000E52529 /* QuizVC.swift */ = {isa = PBXFileReference; fileEncoding = 4; lastKnownFileType = sourcecode.swift; path = QuizVC.swift; sourceTree = "<group>"; };
/* End PBXFileReference section */

/* Begin PBXFrameworksBuildPhase section */
		882AB4B6228178360055221D /* Frameworks */ = {
			isa = PBXFrameworksBuildPhase;
			buildActionMask = 2147483647;
			files = (
				9F24BD121EE214E87761BB06 /* Pods_EHLIYET.framework in Frameworks */,
			);
			runOnlyForDeploymentPostprocessing = 0;
		};
/* End PBXFrameworksBuildPhase section */

/* Begin PBXGroup section */
		7A970E2D30D15A0584FEBE9B /* Pods */ = {
			isa = PBXGroup;
			children = (
				818BAD3779B3DA5BE185B21F /* Pods-EHLIYET.debug.xcconfig */,
				0AD2D5BA54162B7BA7680C96 /* Pods-EHLIYET.release.xcconfig */,
			);
			path = Pods;
			sourceTree = "<group>";
		};
		882AB4B0228178360055221D = {
			isa = PBXGroup;
			children = (
				882AB4BB228178360055221D /* EHLIYET */,
				882AB4BA228178360055221D /* Products */,
				7A970E2D30D15A0584FEBE9B /* Pods */,
				D2301784A4EE66D74F0FC8CD /* Frameworks */,
			);
			sourceTree = "<group>";
		};
		882AB4BA228178360055221D /* Products */ = {
			isa = PBXGroup;
			children = (
				882AB4B9228178360055221D /* EHLIYET.app */,
			);
			name = Products;
			sourceTree = "<group>";
		};
		882AB4BB228178360055221D /* EHLIYET */ = {
			isa = PBXGroup;
			children = (
				882AB4BC228178360055221D /* AppDelegate.swift */,
				88B0267A2284B2550021E2F7 /* CoreData */,
				88C159BD2284982600E52529 /* ilkYardım */,
				8846FB3322817C8300382F9B /* Controller */,
				8846FB3222817C7B00382F9B /* View */,
				8846FB3122817C6A00382F9B /* Model */,
				8846FB3422817CC600382F9B /* Other */,
				882AB4C3228178360055221D /* EHLIYET.xcdatamodeld */,
				882AB4CB228178370055221D /* Info.plist */,
			);
			path = EHLIYET;
			sourceTree = "<group>";
		};
		8846FB3122817C6A00382F9B /* Model */ = {
			isa = PBXGroup;
			children = (
			);
			path = Model;
			sourceTree = "<group>";
		};
		8846FB3222817C7B00382F9B /* View */ = {
			isa = PBXGroup;
			children = (
				88B026832284BAE80021E2F7 /* AlertView.swift */,
				88B026822284BAE80021E2F7 /* AlertView.xib */,
				88C159BB22848EDB00E52529 /* CirclePath.swift */,
				882AB4C8228178370055221D /* LaunchScreen.storyboard */,
				88B0CC09228255AF0065424F /* CardView.swift */,
				882AB4C0228178360055221D /* Main.storyboard */,
			);
			path = View;
			sourceTree = "<group>";
		};
		8846FB3322817C8300382F9B /* Controller */ = {
			isa = PBXGroup;
			children = (
				88B2CDB0228184FA0068167E /* HomePageVC.swift */,
				88B2CDB2228185D10068167E /* HomeCollectionViewCell.swift */,
			);
			path = Controller;
			sourceTree = "<group>";
		};
		8846FB3422817CC600382F9B /* Other */ = {
			isa = PBXGroup;
			children = (
				882AB4C6228178370055221D /* Assets.xcassets */,
			);
			path = Other;
			sourceTree = "<group>";
		};
		88B0267A2284B2550021E2F7 /* CoreData */ = {
			isa = PBXGroup;
			children = (
			);
			path = CoreData;
			sourceTree = "<group>";
		};
		88C159BD2284982600E52529 /* ilkYardım */ = {
			isa = PBXGroup;
			children = (
				88C159B922848E7200E52529 /* ilkyardim17Cell.swift */,
				88C159B722848E6500E52529 /* ilkyardim17.swift */,
				88C159C422849AA500E52529 /* QuizCVCell.swift */,
				88C159C622849AD000E52529 /* QuizVC.swift */,
				88B0267E2284B7140021E2F7 /* iAgustos18VC.swift */,
				88B026802284B72E0021E2F7 /* iAgustos18vcCell.swift */,
			);
			path = "ilkYardım";
			sourceTree = "<group>";
		};
		D2301784A4EE66D74F0FC8CD /* Frameworks */ = {
			isa = PBXGroup;
			children = (
				5E3CCB2DE19A19B2D4ADD0B3 /* Pods_EHLIYET.framework */,
			);
			name = Frameworks;
			sourceTree = "<group>";
		};
/* End PBXGroup section */

/* Begin PBXNativeTarget section */
		882AB4B8228178360055221D /* EHLIYET */ = {
			isa = PBXNativeTarget;
			buildConfigurationList = 882AB4CE228178370055221D /* Build configuration list for PBXNativeTarget "EHLIYET" */;
			buildPhases = (
				D58BE7E862609140ED276A81 /* [CP] Check Pods Manifest.lock */,
				882AB4B5228178360055221D /* Sources */,
				882AB4B6228178360055221D /* Frameworks */,
				882AB4B7228178360055221D /* Resources */,
				EDA5F2760C2720ECC80FB1A1 /* [CP] Embed Pods Frameworks */,
			);
			buildRules = (
			);
			dependencies = (
			);
			name = EHLIYET;
			productName = EHLIYET;
			productReference = 882AB4B9228178360055221D /* EHLIYET.app */;
			productType = "com.apple.product-type.application";
		};
/* End PBXNativeTarget section */

/* Begin PBXProject section */
		882AB4B1228178360055221D /* Project object */ = {
			isa = PBXProject;
			attributes = {
				LastSwiftUpdateCheck = 1020;
				LastUpgradeCheck = 1020;
				ORGANIZATIONNAME = "YILMAZ ER";
				TargetAttributes = {
					882AB4B8228178360055221D = {
						CreatedOnToolsVersion = 10.2.1;
					};
				};
			};
			buildConfigurationList = 882AB4B4228178360055221D /* Build configuration list for PBXProject "EHLIYET" */;
			compatibilityVersion = "Xcode 9.3";
			developmentRegion = en;
			hasScannedForEncodings = 0;
			knownRegions = (
				en,
				Base,
			);
			mainGroup = 882AB4B0228178360055221D;
			productRefGroup = 882AB4BA228178360055221D /* Products */;
			projectDirPath = "";
			projectRoot = "";
			targets = (
				882AB4B8228178360055221D /* EHLIYET */,
			);
		};
/* End PBXProject section */

/* Begin PBXResourcesBuildPhase section */
		882AB4B7228178360055221D /* Resources */ = {
			isa = PBXResourcesBuildPhase;
			buildActionMask = 2147483647;
			files = (
				882AB4CA228178370055221D /* LaunchScreen.storyboard in Resources */,
				88B026842284BAE80021E2F7 /* AlertView.xib in Resources */,
				882AB4C7228178370055221D /* Assets.xcassets in Resources */,
				882AB4C2228178360055221D /* Main.storyboard in Resources */,
			);
			runOnlyForDeploymentPostprocessing = 0;
		};
/* End PBXResourcesBuildPhase section */

/* Begin PBXShellScriptBuildPhase section */
		D58BE7E862609140ED276A81 /* [CP] Check Pods Manifest.lock */ = {
			isa = PBXShellScriptBuildPhase;
			buildActionMask = 2147483647;
			files = (
			);
			inputFileListPaths = (
			);
			inputPaths = (
				"${PODS_PODFILE_DIR_PATH}/Podfile.lock",
				"${PODS_ROOT}/Manifest.lock",
			);
			name = "[CP] Check Pods Manifest.lock";
			outputFileListPaths = (
			);
			outputPaths = (
				"$(DERIVED_FILE_DIR)/Pods-EHLIYET-checkManifestLockResult.txt",
			);
			runOnlyForDeploymentPostprocessing = 0;
			shellPath = /bin/sh;
			shellScript = "diff \"${PODS_PODFILE_DIR_PATH}/Podfile.lock\" \"${PODS_ROOT}/Manifest.lock\" > /dev/null\nif [ $? != 0 ] ; then\n    # print error to STDERR\n    echo \"error: The sandbox is not in sync with the Podfile.lock. Run 'pod install' or update your CocoaPods installation.\" >&2\n    exit 1\nfi\n# This output is used by Xcode 'outputs' to avoid re-running this script phase.\necho \"SUCCESS\" > \"${SCRIPT_OUTPUT_FILE_0}\"\n";
			showEnvVarsInLog = 0;
		};
		EDA5F2760C2720ECC80FB1A1 /* [CP] Embed Pods Frameworks */ = {
			isa = PBXShellScriptBuildPhase;
			buildActionMask = 2147483647;
			files = (
			);
			inputFileListPaths = (
			);
			inputPaths = (
				"${PODS_ROOT}/Target Support Files/Pods-EHLIYET/Pods-EHLIYET-frameworks.sh",
				"${BUILT_PRODUCTS_DIR}/Bolts/Bolts.framework",
				"${BUILT_PRODUCTS_DIR}/Parse/Parse.framework",
			);
			name = "[CP] Embed Pods Frameworks";
			outputFileListPaths = (
			);
			outputPaths = (
				"${TARGET_BUILD_DIR}/${FRAMEWORKS_FOLDER_PATH}/Bolts.framework",
				"${TARGET_BUILD_DIR}/${FRAMEWORKS_FOLDER_PATH}/Parse.framework",
			);
			runOnlyForDeploymentPostprocessing = 0;
			shellPath = /bin/sh;
			shellScript = "\"${PODS_ROOT}/Target Support Files/Pods-EHLIYET/Pods-EHLIYET-frameworks.sh\"\n";
			showEnvVarsInLog = 0;
		};
/* End PBXShellScriptBuildPhase section */

/* Begin PBXSourcesBuildPhase section */
		882AB4B5228178360055221D /* Sources */ = {
			isa = PBXSourcesBuildPhase;
			buildActionMask = 2147483647;
			files = (
				88B2CDB3228185D10068167E /* HomeCollectionViewCell.swift in Sources */,
				88C159C722849AD000E52529 /* QuizVC.swift in Sources */,
				88C159C522849AA600E52529 /* QuizCVCell.swift in Sources */,
				88B0267F2284B7140021E2F7 /* iAgustos18VC.swift in Sources */,
				882AB4BD228178360055221D /* AppDelegate.swift in Sources */,
				88C159BC22848EDB00E52529 /* CirclePath.swift in Sources */,
				88B2CDB1228184FA0068167E /* HomePageVC.swift in Sources */,
				88C159BA22848E7200E52529 /* ilkyardim17Cell.swift in Sources */,
				88B026852284BAE80021E2F7 /* AlertView.swift in Sources */,
				882AB4C5228178360055221D /* EHLIYET.xcdatamodeld in Sources */,
				88C159B822848E6500E52529 /* ilkyardim17.swift in Sources */,
				88B026812284B72E0021E2F7 /* iAgustos18vcCell.swift in Sources */,
				88B0CC0A228255AF0065424F /* CardView.swift in Sources */,
			);
			runOnlyForDeploymentPostprocessing = 0;
		};
/* End PBXSourcesBuildPhase section */

/* Begin PBXVariantGroup section */
		882AB4C0228178360055221D /* Main.storyboard */ = {
			isa = PBXVariantGroup;
			children = (
				882AB4C1228178360055221D /* Base */,
			);
			name = Main.storyboard;
			sourceTree = "<group>";
		};
		882AB4C8228178370055221D /* LaunchScreen.storyboard */ = {
			isa = PBXVariantGroup;
			children = (
				882AB4C9228178370055221D /* Base */,
			);
			name = LaunchScreen.storyboard;
			sourceTree = "<group>";
		};
/* End PBXVariantGroup section */

/* Begin XCBuildConfiguration section */
		882AB4CC228178370055221D /* Debug */ = {
			isa = XCBuildConfiguration;
			buildSettings = {
				ALWAYS_SEARCH_USER_PATHS = NO;
				CLANG_ANALYZER_NONNULL = YES;
				CLANG_ANALYZER_NUMBER_OBJECT_CONVERSION = YES_AGGRESSIVE;
				CLANG_CXX_LANGUAGE_STANDARD = "gnu++14";
				CLANG_CXX_LIBRARY = "libc++";
				CLANG_ENABLE_MODULES = YES;
				CLANG_ENABLE_OBJC_ARC = YES;
				CLANG_ENABLE_OBJC_WEAK = YES;
				CLANG_WARN_BLOCK_CAPTURE_AUTORELEASING = YES;
				CLANG_WARN_BOOL_CONVERSION = YES;
				CLANG_WARN_COMMA = YES;
				CLANG_WARN_CONSTANT_CONVERSION = YES;
				CLANG_WARN_DEPRECATED_OBJC_IMPLEMENTATIONS = YES;
				CLANG_WARN_DIRECT_OBJC_ISA_USAGE = YES_ERROR;
				CLANG_WARN_DOCUMENTATION_COMMENTS = YES;
				CLANG_WARN_EMPTY_BODY = YES;
				CLANG_WARN_ENUM_CONVERSION = YES;
				CLANG_WARN_INFINITE_RECURSION = YES;
				CLANG_WARN_INT_CONVERSION = YES;
				CLANG_WARN_NON_LITERAL_NULL_CONVERSION = YES;
				CLANG_WARN_OBJC_IMPLICIT_RETAIN_SELF = YES;
				CLANG_WARN_OBJC_LITERAL_CONVERSION = YES;
				CLANG_WARN_OBJC_ROOT_CLASS = YES_ERROR;
				CLANG_WARN_RANGE_LOOP_ANALYSIS = YES;
				CLANG_WARN_STRICT_PROTOTYPES = YES;
				CLANG_WARN_SUSPICIOUS_MOVE = YES;
				CLANG_WARN_UNGUARDED_AVAILABILITY = YES_AGGRESSIVE;
				CLANG_WARN_UNREACHABLE_CODE = YES;
				CLANG_WARN__DUPLICATE_METHOD_MATCH = YES;
				CODE_SIGN_IDENTITY = "iPhone Developer";
				COPY_PHASE_STRIP = NO;
				DEBUG_INFORMATION_FORMAT = dwarf;
				ENABLE_STRICT_OBJC_MSGSEND = YES;
				ENABLE_TESTABILITY = YES;
				GCC_C_LANGUAGE_STANDARD = gnu11;
				GCC_DYNAMIC_NO_PIC = NO;
				GCC_NO_COMMON_BLOCKS = YES;
				GCC_OPTIMIZATION_LEVEL = 0;
				GCC_PREPROCESSOR_DEFINITIONS = (
					"DEBUG=1",
					"$(inherited)",
				);
				GCC_WARN_64_TO_32_BIT_CONVERSION = YES;
				GCC_WARN_ABOUT_RETURN_TYPE = YES_ERROR;
				GCC_WARN_UNDECLARED_SELECTOR = YES;
				GCC_WARN_UNINITIALIZED_AUTOS = YES_AGGRESSIVE;
				GCC_WARN_UNUSED_FUNCTION = YES;
				GCC_WARN_UNUSED_VARIABLE = YES;
				IPHONEOS_DEPLOYMENT_TARGET = 12.2;
				MTL_ENABLE_DEBUG_INFO = INCLUDE_SOURCE;
				MTL_FAST_MATH = YES;
				ONLY_ACTIVE_ARCH = YES;
				SDKROOT = iphoneos;
				SWIFT_ACTIVE_COMPILATION_CONDITIONS = DEBUG;
				SWIFT_OPTIMIZATION_LEVEL = "-Onone";
			};
			name = Debug;
		};
		882AB4CD228178370055221D /* Release */ = {
			isa = XCBuildConfiguration;
			buildSettings = {
				ALWAYS_SEARCH_USER_PATHS = NO;
				CLANG_ANALYZER_NONNULL = YES;
				CLANG_ANALYZER_NUMBER_OBJECT_CONVERSION = YES_AGGRESSIVE;
				CLANG_CXX_LANGUAGE_STANDARD = "gnu++14";
				CLANG_CXX_LIBRARY = "libc++";
				CLANG_ENABLE_MODULES = YES;
				CLANG_ENABLE_OBJC_ARC = YES;
				CLANG_ENABLE_OBJC_WEAK = YES;
				CLANG_WARN_BLOCK_CAPTURE_AUTORELEASING = YES;
				CLANG_WARN_BOOL_CONVERSION = YES;
				CLANG_WARN_COMMA = YES;
				CLANG_WARN_CONSTANT_CONVERSION = YES;
				CLANG_WARN_DEPRECATED_OBJC_IMPLEMENTATIONS = YES;
				CLANG_WARN_DIRECT_OBJC_ISA_USAGE = YES_ERROR;
				CLANG_WARN_DOCUMENTATION_COMMENTS = YES;
				CLANG_WARN_EMPTY_BODY = YES;
				CLANG_WARN_ENUM_CONVERSION = YES;
				CLANG_WARN_INFINITE_RECURSION = YES;
				CLANG_WARN_INT_CONVERSION = YES;
				CLANG_WARN_NON_LITERAL_NULL_CONVERSION = YES;
				CLANG_WARN_OBJC_IMPLICIT_RETAIN_SELF = YES;
				CLANG_WARN_OBJC_LITERAL_CONVERSION = YES;
				CLANG_WARN_OBJC_ROOT_CLASS = YES_ERROR;
				CLANG_WARN_RANGE_LOOP_ANALYSIS = YES;
				CLANG_WARN_STRICT_PROTOTYPES = YES;
				CLANG_WARN_SUSPICIOUS_MOVE = YES;
				CLANG_WARN_UNGUARDED_AVAILABILITY = YES_AGGRESSIVE;
				CLANG_WARN_UNREACHABLE_CODE = YES;
				CLANG_WARN__DUPLICATE_METHOD_MATCH = YES;
				CODE_SIGN_IDENTITY = "iPhone Developer";
				COPY_PHASE_STRIP = NO;
				DEBUG_INFORMATION_FORMAT = "dwarf-with-dsym";
				ENABLE_NS_ASSERTIONS = NO;
				ENABLE_STRICT_OBJC_MSGSEND = YES;
				GCC_C_LANGUAGE_STANDARD = gnu11;
				GCC_NO_COMMON_BLOCKS = YES;
				GCC_WARN_64_TO_32_BIT_CONVERSION = YES;
				GCC_WARN_ABOUT_RETURN_TYPE = YES_ERROR;
				GCC_WARN_UNDECLARED_SELECTOR = YES;
				GCC_WARN_UNINITIALIZED_AUTOS = YES_AGGRESSIVE;
				GCC_WARN_UNUSED_FUNCTION = YES;
				GCC_WARN_UNUSED_VARIABLE = YES;
				IPHONEOS_DEPLOYMENT_TARGET = 12.2;
				MTL_ENABLE_DEBUG_INFO = NO;
				MTL_FAST_MATH = YES;
				SDKROOT = iphoneos;
				SWIFT_COMPILATION_MODE = wholemodule;
				SWIFT_OPTIMIZATION_LEVEL = "-O";
				VALIDATE_PRODUCT = YES;
			};
			name = Release;
		};
		882AB4CF228178370055221D /* Debug */ = {
			isa = XCBuildConfiguration;
			baseConfigurationReference = 818BAD3779B3DA5BE185B21F /* Pods-EHLIYET.debug.xcconfig */;
			buildSettings = {
				ASSETCATALOG_COMPILER_APPICON_NAME = AppIcon;
				CODE_SIGN_STYLE = Automatic;
				DEVELOPMENT_TEAM = 98X7S4Y4AT;
				INFOPLIST_FILE = EHLIYET/Info.plist;
				LD_RUNPATH_SEARCH_PATHS = (
					"$(inherited)",
					"@executable_path/Frameworks",
				);
				PRODUCT_BUNDLE_IDENTIFIER = yilmazer2019.EHLIYET;
				PRODUCT_NAME = "$(TARGET_NAME)";
				SWIFT_VERSION = 5.0;
				TARGETED_DEVICE_FAMILY = "1,2";
			};
			name = Debug;
		};
		882AB4D0228178370055221D /* Release */ = {
			isa = XCBuildConfiguration;
			baseConfigurationReference = 0AD2D5BA54162B7BA7680C96 /* Pods-EHLIYET.release.xcconfig */;
			buildSettings = {
				ASSETCATALOG_COMPILER_APPICON_NAME = AppIcon;
				CODE_SIGN_STYLE = Automatic;
				DEVELOPMENT_TEAM = 98X7S4Y4AT;
				INFOPLIST_FILE = EHLIYET/Info.plist;
				LD_RUNPATH_SEARCH_PATHS = (
					"$(inherited)",
					"@executable_path/Frameworks",
				);
				PRODUCT_BUNDLE_IDENTIFIER = yilmazer2019.EHLIYET;
				PRODUCT_NAME = "$(TARGET_NAME)";
				SWIFT_VERSION = 5.0;
				TARGETED_DEVICE_FAMILY = "1,2";
			};
			name = Release;
		};
/* End XCBuildConfiguration section */

/* Begin XCConfigurationList section */
		882AB4B4228178360055221D /* Build configuration list for PBXProject "EHLIYET" */ = {
			isa = XCConfigurationList;
			buildConfigurations = (
				882AB4CC228178370055221D /* Debug */,
				882AB4CD228178370055221D /* Release */,
			);
			defaultConfigurationIsVisible = 0;
			defaultConfigurationName = Release;
		};
		882AB4CE228178370055221D /* Build configuration list for PBXNativeTarget "EHLIYET" */ = {
			isa = XCConfigurationList;
			buildConfigurations = (
				882AB4CF228178370055221D /* Debug */,
				882AB4D0228178370055221D /* Release */,
			);
			defaultConfigurationIsVisible = 0;
			defaultConfigurationName = Release;
		};
/* End XCConfigurationList section */

/* Begin XCVersionGroup section */
		882AB4C3228178360055221D /* EHLIYET.xcdatamodeld */ = {
			isa = XCVersionGroup;
			children = (
				882AB4C4228178360055221D /* EHLIYET.xcdatamodel */,
			);
			currentVersion = 882AB4C4228178360055221D /* EHLIYET.xcdatamodel */;
			path = EHLIYET.xcdatamodeld;
			sourceTree = "<group>";
			versionGroupType = wrapper.xcdatamodel;
		};
/* End XCVersionGroup section */
	};
	rootObject = 882AB4B1228178360055221D /* Project object */;
}
